
Microsoft Visual Studio Solution File, Format Version 12.00
# Visual Studio Version 16
VisualStudioVersion = 16.0.29503.13
MinimumVisualStudioVersion = 10.0.40219.1
Project("{8BC9CEB8-8B4A-11D0-8D11-00A0C91BC942}") = "pairwork", "pairwork\pairwork.vcxproj", "{876FC1BB-E0D9-49F8-ACAB-4476E7E804E4}"
EndProject
Global
	GlobalSection(SolutionConfigurationPlatforms) = preSolution
		Debug|x64 = Debug|x64
		Debug|x86 = Debug|x86
		Release|x64 = Release|x64
		Release|x86 = Release|x86
	EndGlobalSection
	GlobalSection(ProjectConfigurationPlatforms) = postSolution
		{876FC1BB-E0D9-49F8-ACAB-4476E7E804E4}.Debug|x64.ActiveCfg = Debug|x64
		{876FC1BB-E0D9-49F8-ACAB-4476E7E804E4}.Debug|x64.Build.0 = Debug|x64
		{876FC1BB-E0D9-49F8-ACAB-4476E7E804E4}.Debug|x86.ActiveCfg = Debug|Win32
		{876FC1BB-E0D9-49F8-ACAB-4476E7E804E4}.Debug|x86.Build.0 = Debug|Win32
		{876FC1BB-E0D9-49F8-ACAB-4476E7E804E4}.Release|x64.ActiveCfg = Release|x64
		{876FC1BB-E0D9-49F8-ACAB-4476E7E804E4}.Release|x64.Build.0 = Release|x64
		{876FC1BB-E0D9-49F8-ACAB-4476E7E804E4}.Release|x86.ActiveCfg = Release|Win32
		{876FC1BB-E0D9-49F8-ACAB-4476E7E804E4}.Release|x86.Build.0 = Release|Win32
	EndGlobalSection
	GlobalSection(SolutionProperties) = preSolution
		HideSolutionNode = FALSE
	EndGlobalSection
	GlobalSection(ExtensibilityGlobals) = postSolution
		SolutionGuid = {6D0D1885-5BA7-4062-AB1D-69702FCC3DBB}
	EndGlobalSection
EndGlobal
